
Microsoft Visual Studio Solution File, Format Version 12.00
# Visual Studio Version 17
VisualStudioVersion = 17.0.31903.59
MinimumVisualStudioVersion = 10.0.40219.1
Project("{2150E333-8FDC-42A3-9474-1A3956D46DE8}") = "source", "source", "{6004A5FC-0B64-464C-977A-5E721E8567B7}"
EndProject
Project("{9A19103F-16F7-4668-BE54-9A1E7A4F7556}") = "TransactionContext", "source\TransactionContext\TransactionContext.csproj", "{536A7C7E-F987-4DDC-BEA8-846A3771F918}"
EndProject
Project("{9A19103F-16F7-4668-BE54-9A1E7A4F7556}") = "TransactionContext.Postgres", "source\TransactionContext.Postgres\TransactionContext.Postgres.csproj", "{DD81C9E5-5DB6-4032-BD2C-F039300A63DD}"
EndProject
Project("{2150E333-8FDC-42A3-9474-1A3956D46DE8}") = "tests", "tests", "{5A6575AC-81E5-4E97-909F-BBE634A2BD14}"
EndProject
Project("{9A19103F-16F7-4668-BE54-9A1E7A4F7556}") = "TransactionContext.Postgres.Tests", "tests\TransactionContext.Postgres.Tests\TransactionContext.Postgres.Tests.csproj", "{A7CC7D41-46AF-45D7-95C9-681253CCB885}"
EndProject
Project("{9A19103F-16F7-4668-BE54-9A1E7A4F7556}") = "TransactionContext.Tests.SeedWork", "tests\TransactionContext.Tests.SeedWork\TransactionContext.Tests.SeedWork.csproj", "{6459CE92-7FD3-4FBE-86E8-4C0321B4E694}"
EndProject
Global
	GlobalSection(SolutionConfigurationPlatforms) = preSolution
		Debug|Any CPU = Debug|Any CPU
		Release|Any CPU = Release|Any CPU
	EndGlobalSection
	GlobalSection(ProjectConfigurationPlatforms) = postSolution
		{536A7C7E-F987-4DDC-BEA8-846A3771F918}.Debug|Any CPU.ActiveCfg = Debug|Any CPU
		{536A7C7E-F987-4DDC-BEA8-846A3771F918}.Debug|Any CPU.Build.0 = Debug|Any CPU
		{536A7C7E-F987-4DDC-BEA8-846A3771F918}.Release|Any CPU.ActiveCfg = Release|Any CPU
		{536A7C7E-F987-4DDC-BEA8-846A3771F918}.Release|Any CPU.Build.0 = Release|Any CPU
		{DD81C9E5-5DB6-4032-BD2C-F039300A63DD}.Debug|Any CPU.ActiveCfg = Debug|Any CPU
		{DD81C9E5-5DB6-4032-BD2C-F039300A63DD}.Debug|Any CPU.Build.0 = Debug|Any CPU
		{DD81C9E5-5DB6-4032-BD2C-F039300A63DD}.Release|Any CPU.ActiveCfg = Release|Any CPU
		{DD81C9E5-5DB6-4032-BD2C-F039300A63DD}.Release|Any CPU.Build.0 = Release|Any CPU
		{A7CC7D41-46AF-45D7-95C9-681253CCB885}.Debug|Any CPU.ActiveCfg = Debug|Any CPU
		{A7CC7D41-46AF-45D7-95C9-681253CCB885}.Debug|Any CPU.Build.0 = Debug|Any CPU
		{A7CC7D41-46AF-45D7-95C9-681253CCB885}.Release|Any CPU.ActiveCfg = Release|Any CPU
		{A7CC7D41-46AF-45D7-95C9-681253CCB885}.Release|Any CPU.Build.0 = Release|Any CPU
		{6459CE92-7FD3-4FBE-86E8-4C0321B4E694}.Debug|Any CPU.ActiveCfg = Debug|Any CPU
		{6459CE92-7FD3-4FBE-86E8-4C0321B4E694}.Debug|Any CPU.Build.0 = Debug|Any CPU
		{6459CE92-7FD3-4FBE-86E8-4C0321B4E694}.Release|Any CPU.ActiveCfg = Release|Any CPU
		{6459CE92-7FD3-4FBE-86E8-4C0321B4E694}.Release|Any CPU.Build.0 = Release|Any CPU
	EndGlobalSection
	GlobalSection(SolutionProperties) = preSolution
		HideSolutionNode = FALSE
	EndGlobalSection
	GlobalSection(NestedProjects) = preSolution
		{536A7C7E-F987-4DDC-BEA8-846A3771F918} = {6004A5FC-0B64-464C-977A-5E721E8567B7}
		{DD81C9E5-5DB6-4032-BD2C-F039300A63DD} = {6004A5FC-0B64-464C-977A-5E721E8567B7}
		{A7CC7D41-46AF-45D7-95C9-681253CCB885} = {5A6575AC-81E5-4E97-909F-BBE634A2BD14}
		{6459CE92-7FD3-4FBE-86E8-4C0321B4E694} = {5A6575AC-81E5-4E97-909F-BBE634A2BD14}
	EndGlobalSection
	GlobalSection(ExtensibilityGlobals) = postSolution
		SolutionGuid = {48C38B93-C350-4CC9-BCDD-CE256D01DD7E}
	EndGlobalSection
EndGlobal
